Microsoft Visual Studio Solution File, Format Version 12.00
# Visual Studio Version 17
VisualStudioVersion = 17.0.31611.283
MinimumVisualStudioVersion = 10.0.40219.1
Project("{9A19103F-16F7-4668-BE54-9A1E7A4F7556}") = "TeachingEvaluationSystem", "TeachingEvaluationSystem\TeachingEvaluationSystem.csproj", "{3A779902-D795-40F8-A217-BF2549E61768}"
EndProject
Project("{9A19103F-16F7-4668-BE54-9A1E7A4F7556}") = "TeachingEvaluationSystem.DB", "TeachingEvaluationSystem.DB\TeachingEvaluationSystem.DB.csproj", "{9D388836-7889-4B61-94EC-18B1DEFA4DA4}"
EndProject
Project("{9A19103F-16F7-4668-BE54-9A1E7A4F7556}") = "TeachingEvaluationSystem.Test", "TeachingEvaluationSystem.Test\TeachingEvaluationSystem.Test.csproj", "{41850F2F-F50C-4285-835E-381B04689D1F}"
EndProject
Project("{9A19103F-16F7-4668-BE54-9A1E7A4F7556}") = "TeachingEvaluationSystem.Service", "TeachingEvaluationSystem.Service\TeachingEvaluationSystem.Service.csproj", "{BD0B156F-CD5D-47A8-86FF-1DC2AD2A4257}"
EndProject
Project("{9A19103F-16F7-4668-BE54-9A1E7A4F7556}") = "TeachingEvaluationSystem.Shared", "TeachingEvaluationSystem.Comom\TeachingEvaluationSystem.Shared.csproj", "{EEEC41DA-072C-4BFA-8689-0E5CEC2A866A}"
EndProject
Global
	GlobalSection(SolutionConfigurationPlatforms) = preSolution
		Debug|Any CPU = Debug|Any CPU
		Debug|ARM = Debug|ARM
		Debug|ARM64 = Debug|ARM64
		Debug|x64 = Debug|x64
		Debug|x86 = Debug|x86
		Release|Any CPU = Release|Any CPU
		Release|ARM = Release|ARM
		Release|ARM64 = Release|ARM64
		Release|x64 = Release|x64
		Release|x86 = Release|x86
	EndGlobalSection
	GlobalSection(ProjectConfigurationPlatforms) = postSolution
		{3A779902-D795-40F8-A217-BF2549E61768}.Debug|Any CPU.ActiveCfg = Debug|Any CPU
		{3A779902-D795-40F8-A217-BF2549E61768}.Debug|Any CPU.Build.0 = Debug|Any CPU
		{3A779902-D795-40F8-A217-BF2549E61768}.Debug|Any CPU.Deploy.0 = Debug|Any CPU
		{3A779902-D795-40F8-A217-BF2549E61768}.Debug|ARM.ActiveCfg = Debug|Any CPU
		{3A779902-D795-40F8-A217-BF2549E61768}.Debug|ARM.Build.0 = Debug|Any CPU
		{3A779902-D795-40F8-A217-BF2549E61768}.Debug|ARM.Deploy.0 = Debug|Any CPU
		{3A779902-D795-40F8-A217-BF2549E61768}.Debug|ARM64.ActiveCfg = Debug|Any CPU
		{3A779902-D795-40F8-A217-BF2549E61768}.Debug|ARM64.Build.0 = Debug|Any CPU
		{3A779902-D795-40F8-A217-BF2549E61768}.Debug|ARM64.Deploy.0 = Debug|Any CPU
		{3A779902-D795-40F8-A217-BF2549E61768}.Debug|x64.ActiveCfg = Debug|Any CPU
		{3A779902-D795-40F8-A217-BF2549E61768}.Debug|x64.Build.0 = Debug|Any CPU
		{3A779902-D795-40F8-A217-BF2549E61768}.Debug|x64.Deploy.0 = Debug|Any CPU
		{3A779902-D795-40F8-A217-BF2549E61768}.Debug|x86.ActiveCfg = Debug|Any CPU
		{3A779902-D795-40F8-A217-BF2549E61768}.Debug|x86.Build.0 = Debug|Any CPU
		{3A779902-D795-40F8-A217-BF2549E61768}.Debug|x86.Deploy.0 = Debug|Any CPU
		{3A779902-D795-40F8-A217-BF2549E61768}.Release|Any CPU.ActiveCfg = Release|Any CPU
		{3A779902-D795-40F8-A217-BF2549E61768}.Release|Any CPU.Build.0 = Release|Any CPU
		{3A779902-D795-40F8-A217-BF2549E61768}.Release|Any CPU.Deploy.0 = Release|Any CPU
		{3A779902-D795-40F8-A217-BF2549E61768}.Release|ARM.ActiveCfg = Release|Any CPU
		{3A779902-D795-40F8-A217-BF2549E61768}.Release|ARM.Build.0 = Release|Any CPU
		{3A779902-D795-40F8-A217-BF2549E61768}.Release|ARM.Deploy.0 = Release|Any CPU
		{3A779902-D795-40F8-A217-BF2549E61768}.Release|ARM64.ActiveCfg = Release|Any CPU
		{3A779902-D795-40F8-A217-BF2549E61768}.Release|ARM64.Build.0 = Release|Any CPU
		{3A779902-D795-40F8-A217-BF2549E61768}.Release|ARM64.Deploy.0 = Release|Any CPU
		{3A779902-D795-40F8-A217-BF2549E61768}.Release|x64.ActiveCfg = Release|Any CPU
		{3A779902-D795-40F8-A217-BF2549E61768}.Release|x64.Build.0 = Release|Any CPU
		{3A779902-D795-40F8-A217-BF2549E61768}.Release|x64.Deploy.0 = Release|Any CPU
		{3A779902-D795-40F8-A217-BF2549E61768}.Release|x86.ActiveCfg = Release|Any CPU
		{3A779902-D795-40F8-A217-BF2549E61768}.Release|x86.Build.0 = Release|Any CPU
		{3A779902-D795-40F8-A217-BF2549E61768}.Release|x86.Deploy.0 = Release|Any CPU
		{9D388836-7889-4B61-94EC-18B1DEFA4DA4}.Debug|Any CPU.ActiveCfg = Debug|Any CPU
		{9D388836-7889-4B61-94EC-18B1DEFA4DA4}.Debug|Any CPU.Build.0 = Debug|Any CPU
		{9D388836-7889-4B61-94EC-18B1DEFA4DA4}.Debug|ARM.ActiveCfg = Debug|Any CPU
		{9D388836-7889-4B61-94EC-18B1DEFA4DA4}.Debug|ARM.Build.0 = Debug|Any CPU
		{9D388836-7889-4B61-94EC-18B1DEFA4DA4}.Debug|ARM64.ActiveCfg = Debug|Any CPU
		{9D388836-7889-4B61-94EC-18B1DEFA4DA4}.Debug|ARM64.Build.0 = Debug|Any CPU
		{9D388836-7889-4B61-94EC-18B1DEFA4DA4}.Debug|x64.ActiveCfg = Debug|Any CPU
		{9D388836-7889-4B61-94EC-18B1DEFA4DA4}.Debug|x64.Build.0 = Debug|Any CPU
		{9D388836-7889-4B61-94EC-18B1DEFA4DA4}.Debug|x86.ActiveCfg = Debug|Any CPU
		{9D388836-7889-4B61-94EC-18B1DEFA4DA4}.Debug|x86.Build.0 = Debug|Any CPU
		{9D388836-7889-4B61-94EC-18B1DEFA4DA4}.Release|Any CPU.ActiveCfg = Release|Any CPU
		{9D388836-7889-4B61-94EC-18B1DEFA4DA4}.Release|Any CPU.Build.0 = Release|Any CPU
		{9D388836-7889-4B61-94EC-18B1DEFA4DA4}.Release|ARM.ActiveCfg = Release|Any CPU
		{9D388836-7889-4B61-94EC-18B1DEFA4DA4}.Release|ARM.Build.0 = Release|Any CPU
		{9D388836-7889-4B61-94EC-18B1DEFA4DA4}.Release|ARM64.ActiveCfg = Release|Any CPU
		{9D388836-7889-4B61-94EC-18B1DEFA4DA4}.Release|ARM64.Build.0 = Release|Any CPU
		{9D388836-7889-4B61-94EC-18B1DEFA4DA4}.Release|x64.ActiveCfg = Release|Any CPU
		{9D388836-7889-4B61-94EC-18B1DEFA4DA4}.Release|x64.Build.0 = Release|Any CPU
		{9D388836-7889-4B61-94EC-18B1DEFA4DA4}.Release|x86.ActiveCfg = Release|Any CPU
		{9D388836-7889-4B61-94EC-18B1DEFA4DA4}.Release|x86.Build.0 = Release|Any CPU
		{41850F2F-F50C-4285-835E-381B04689D1F}.Debug|Any CPU.ActiveCfg = Debug|Any CPU
		{41850F2F-F50C-4285-835E-381B04689D1F}.Debug|Any CPU.Build.0 = Debug|Any CPU
		{41850F2F-F50C-4285-835E-381B04689D1F}.Debug|ARM.ActiveCfg = Debug|Any CPU
		{41850F2F-F50C-4285-835E-381B04689D1F}.Debug|ARM.Build.0 = Debug|Any CPU
		{41850F2F-F50C-4285-835E-381B04689D1F}.Debug|ARM64.ActiveCfg = Debug|Any CPU
		{41850F2F-F50C-4285-835E-381B04689D1F}.Debug|ARM64.Build.0 = Debug|Any CPU
		{41850F2F-F50C-4285-835E-381B04689D1F}.Debug|x64.ActiveCfg = Debug|Any CPU
		{41850F2F-F50C-4285-835E-381B04689D1F}.Debug|x64.Build.0 = Debug|Any CPU
		{41850F2F-F50C-4285-835E-381B04689D1F}.Debug|x86.ActiveCfg = Debug|Any CPU
		{41850F2F-F50C-4285-835E-381B04689D1F}.Debug|x86.Build.0 = Debug|Any CPU
		{41850F2F-F50C-4285-835E-381B04689D1F}.Release|Any CPU.ActiveCfg = Release|Any CPU
		{41850F2F-F50C-4285-835E-381B04689D1F}.Release|Any CPU.Build.0 = Release|Any CPU
		{41850F2F-F50C-4285-835E-381B04689D1F}.Release|ARM.ActiveCfg = Release|Any CPU
		{41850F2F-F50C-4285-835E-381B04689D1F}.Release|ARM.Build.0 = Release|Any CPU
		{41850F2F-F50C-4285-835E-381B04689D1F}.Release|ARM64.ActiveCfg = Release|Any CPU
		{41850F2F-F50C-4285-835E-381B04689D1F}.Release|ARM64.Build.0 = Release|Any CPU
		{41850F2F-F50C-4285-835E-381B04689D1F}.Release|x64.ActiveCfg = Release|Any CPU
		{41850F2F-F50C-4285-835E-381B04689D1F}.Release|x64.Build.0 = Release|Any CPU
		{41850F2F-F50C-4285-835E-381B04689D1F}.Release|x86.ActiveCfg = Release|Any CPU
		{41850F2F-F50C-4285-835E-381B04689D1F}.Release|x86.Build.0 = Release|Any CPU
		{BD0B156F-CD5D-47A8-86FF-1DC2AD2A4257}.Debug|Any CPU.ActiveCfg = Debug|Any CPU
		{BD0B156F-CD5D-47A8-86FF-1DC2AD2A4257}.Debug|Any CPU.Build.0 = Debug|Any CPU
		{BD0B156F-CD5D-47A8-86FF-1DC2AD2A4257}.Debug|ARM.ActiveCfg = Debug|Any CPU
		{BD0B156F-CD5D-47A8-86FF-1DC2AD2A4257}.Debug|ARM.Build.0 = Debug|Any CPU
		{BD0B156F-CD5D-47A8-86FF-1DC2AD2A4257}.Debug|ARM64.ActiveCfg = Debug|Any CPU
		{BD0B156F-CD5D-47A8-86FF-1DC2AD2A4257}.Debug|ARM64.Build.0 = Debug|Any CPU
		{BD0B156F-CD5D-47A8-86FF-1DC2AD2A4257}.Debug|x64.ActiveCfg = Debug|Any CPU
		{BD0B156F-CD5D-47A8-86FF-1DC2AD2A4257}.Debug|x64.Build.0 = Debug|Any CPU
		{BD0B156F-CD5D-47A8-86FF-1DC2AD2A4257}.Debug|x86.ActiveCfg = Debug|Any CPU
		{BD0B156F-CD5D-47A8-86FF-1DC2AD2A4257}.Debug|x86.Build.0 = Debug|Any CPU
		{BD0B156F-CD5D-47A8-86FF-1DC2AD2A4257}.Release|Any CPU.ActiveCfg = Release|Any CPU
		{BD0B156F-CD5D-47A8-86FF-1DC2AD2A4257}.Release|Any CPU.Build.0 = Release|Any CPU
		{BD0B156F-CD5D-47A8-86FF-1DC2AD2A4257}.Release|ARM.ActiveCfg = Release|Any CPU
		{BD0B156F-CD5D-47A8-86FF-1DC2AD2A4257}.Release|ARM.Build.0 = Release|Any CPU
		{BD0B156F-CD5D-47A8-86FF-1DC2AD2A4257}.Release|ARM64.ActiveCfg = Release|Any CPU
		{BD0B156F-CD5D-47A8-86FF-1DC2AD2A4257}.Release|ARM64.Build.0 = Release|Any CPU
		{BD0B156F-CD5D-47A8-86FF-1DC2AD2A4257}.Release|x64.ActiveCfg = Release|Any CPU
		{BD0B156F-CD5D-47A8-86FF-1DC2AD2A4257}.Release|x64.Build.0 = Release|Any CPU
		{BD0B156F-CD5D-47A8-86FF-1DC2AD2A4257}.Release|x86.ActiveCfg = Release|Any CPU
		{BD0B156F-CD5D-47A8-86FF-1DC2AD2A4257}.Release|x86.Build.0 = Release|Any CPU
		{EEEC41DA-072C-4BFA-8689-0E5CEC2A866A}.Debug|Any CPU.ActiveCfg = Debug|Any CPU
		{EEEC41DA-072C-4BFA-8689-0E5CEC2A866A}.Debug|Any CPU.Build.0 = Debug|Any CPU
		{EEEC41DA-072C-4BFA-8689-0E5CEC2A866A}.Debug|ARM.ActiveCfg = Debug|Any CPU
		{EEEC41DA-072C-4BFA-8689-0E5CEC2A866A}.Debug|ARM.Build.0 = Debug|Any CPU
		{EEEC41DA-072C-4BFA-8689-0E5CEC2A866A}.Debug|ARM64.ActiveCfg = Debug|Any CPU
		{EEEC41DA-072C-4BFA-8689-0E5CEC2A866A}.Debug|ARM64.Build.0 = Debug|Any CPU
		{EEEC41DA-072C-4BFA-8689-0E5CEC2A866A}.Debug|x64.ActiveCfg = Debug|Any CPU
		{EEEC41DA-072C-4BFA-8689-0E5CEC2A866A}.Debug|x64.Build.0 = Debug|Any CPU
		{EEEC41DA-072C-4BFA-8689-0E5CEC2A866A}.Debug|x86.ActiveCfg = Debug|Any CPU
		{EEEC41DA-072C-4BFA-8689-0E5CEC2A866A}.Debug|x86.Build.0 = Debug|Any CPU
		{EEEC41DA-072C-4BFA-8689-0E5CEC2A866A}.Release|Any CPU.ActiveCfg = Release|Any CPU
		{EEEC41DA-072C-4BFA-8689-0E5CEC2A866A}.Release|Any CPU.Build.0 = Release|Any CPU
		{EEEC41DA-072C-4BFA-8689-0E5CEC2A866A}.Release|ARM.ActiveCfg = Release|Any CPU
		{EEEC41DA-072C-4BFA-8689-0E5CEC2A866A}.Release|ARM.Build.0 = Release|Any CPU
		{EEEC41DA-072C-4BFA-8689-0E5CEC2A866A}.Release|ARM64.ActiveCfg = Release|Any CPU
		{EEEC41DA-072C-4BFA-8689-0E5CEC2A866A}.Release|ARM64.Build.0 = Release|Any CPU
		{EEEC41DA-072C-4BFA-8689-0E5CEC2A866A}.Release|x64.ActiveCfg = Release|Any CPU
		{EEEC41DA-072C-4BFA-8689-0E5CEC2A866A}.Release|x64.Build.0 = Release|Any CPU
		{EEEC41DA-072C-4BFA-8689-0E5CEC2A866A}.Release|x86.ActiveCfg = Release|Any CPU
		{EEEC41DA-072C-4BFA-8689-0E5CEC2A866A}.Release|x86.Build.0 = Release|Any CPU
	EndGlobalSection
	GlobalSection(SolutionProperties) = preSolution
		HideSolutionNode = FALSE
	EndGlobalSection
	GlobalSection(ExtensibilityGlobals) = postSolution
		SolutionGuid = {61F7FB11-1E47-470C-91E2-47F8143E1572}
	EndGlobalSection
EndGlobal
